
Microsoft Visual Studio Solution File, Format Version 12.00
# Visual Studio 15
VisualStudioVersion = 15.0.28307.539
MinimumVisualStudioVersion = 10.0.40219.1
Project("{FAE04EC0-301F-11D3-BF4B-00C04F79EFBC}") = "Master40.DB.Report", "Master40.DB.Report\Master40.DB.Report.csproj", "{190693F6-549D-46ED-B2DD-6318AC1188D6}"
EndProject
Project("{FAE04EC0-301F-11D3-BF4B-00C04F79EFBC}") = "Master40.DB.Report.Test", "Master40.DB.Report.Test\Master40.DB.Report.Test.csproj", "{21433D05-BF3A-4FAD-AFEC-287671A0F5D2}"
EndProject
Global
	GlobalSection(SolutionConfigurationPlatforms) = preSolution
		Debug|Any CPU = Debug|Any CPU
		Release|Any CPU = Release|Any CPU
	EndGlobalSection
	GlobalSection(ProjectConfigurationPlatforms) = postSolution
		{190693F6-549D-46ED-B2DD-6318AC1188D6}.Debug|Any CPU.ActiveCfg = Debug|Any CPU
		{190693F6-549D-46ED-B2DD-6318AC1188D6}.Debug|Any CPU.Build.0 = Debug|Any CPU
		{190693F6-549D-46ED-B2DD-6318AC1188D6}.Release|Any CPU.ActiveCfg = Release|Any CPU
		{190693F6-549D-46ED-B2DD-6318AC1188D6}.Release|Any CPU.Build.0 = Release|Any CPU
		{21433D05-BF3A-4FAD-AFEC-287671A0F5D2}.Debug|Any CPU.ActiveCfg = Debug|Any CPU
		{21433D05-BF3A-4FAD-AFEC-287671A0F5D2}.Debug|Any CPU.Build.0 = Debug|Any CPU
		{21433D05-BF3A-4FAD-AFEC-287671A0F5D2}.Release|Any CPU.ActiveCfg = Release|Any CPU
		{21433D05-BF3A-4FAD-AFEC-287671A0F5D2}.Release|Any CPU.Build.0 = Release|Any CPU
	EndGlobalSection
	GlobalSection(SolutionProperties) = preSolution
		HideSolutionNode = FALSE
	EndGlobalSection
	GlobalSection(ExtensibilityGlobals) = postSolution
		SolutionGuid = {77ECCDEE-E9B1-4698-8F17-BB5C69F9C629}
	EndGlobalSection
EndGlobal
